
Microsoft Visual Studio Solution File, Format Version 12.00
# Visual Studio Version 16
VisualStudioVersion = 16.0.30320.27
MinimumVisualStudioVersion = 10.0.40219.1
Project("{FAE04EC0-301F-11D3-BF4B-00C04F79EFBC}") = "SphereMapExample", "SphereMapExample.csproj", "{AAF32EC7-D606-4DD9-A191-AC5FD0FFBA30}"
EndProject
Global
	GlobalSection(SolutionConfigurationPlatforms) = preSolution
		Debug|Any CPU = Debug|Any CPU
		Release|Any CPU = Release|Any CPU
	EndGlobalSection
	GlobalSection(ProjectConfigurationPlatforms) = postSolution
		{AAF32EC7-D606-4DD9-A191-AC5FD0FFBA30}.Debug|Any CPU.ActiveCfg = Debug|Any CPU
		{AAF32EC7-D606-4DD9-A191-AC5FD0FFBA30}.Debug|Any CPU.Build.0 = Debug|Any CPU
		{AAF32EC7-D606-4DD9-A191-AC5FD0FFBA30}.Release|Any CPU.ActiveCfg = Release|Any CPU
		{AAF32EC7-D606-4DD9-A191-AC5FD0FFBA30}.Release|Any CPU.Build.0 = Release|Any CPU
	EndGlobalSection
	GlobalSection(SolutionProperties) = preSolution
		HideSolutionNode = FALSE
	EndGlobalSection
	GlobalSection(ExtensibilityGlobals) = postSolution
		SolutionGuid = {688629FF-53DA-4BDE-A3EB-D9FC86A4AEBE}
	EndGlobalSection
EndGlobal
